# THIS IS AN AUTOGENERATED FILE. DO NOT EDIT THIS FILE DIRECTLY.
# yarn lockfile v1


boostrap@^2.0.0:
  version "2.0.0"
  resolved "https://registry.yarnpkg.com/boostrap/-/boostrap-2.0.0.tgz#f0a5256bc379c5da540564389e48e85e9ccff9fc"
  integrity sha512-JEeFMOweKeGXEM9rt95eaVISOkluG9aKcl0jQCETOVH9jynCZxuBZe2oWgcWJpj5wqYWZl625SnW7OgHT2Ineg==

bootstrap-icons@^1.8.1:
  version "1.8.1"
  resolved "https://registry.yarnpkg.com/bootstrap-icons/-/bootstrap-icons-1.8.1.tgz#773c1625bcbf3e86090ea9da4386c2c6459c5582"
  integrity sha512-IXUqislddPJfwq6H+2nTkHyr9epO9h6u1AG0OZCx616w+TgzeoCjfmI3qJMQqt1J586gN2IxzB4M99Ip4sTZ1w==

bootstrap@^5.1.3:
  version "5.1.3"
  resolved "https://registry.yarnpkg.com/bootstrap/-/bootstrap-5.1.3.tgz#ba081b0c130f810fa70900acbc1c6d3c28fa8f34"
  integrity sha512-fcQztozJ8jToQWXxVuEyXWW+dSo8AiXWKwiSSrKWsRB/Qt+Ewwza+JWoLKiTuQLaEPhdNAJ7+Dosc9DOIqNy7Q==

datatable@^2.0.2:
  version "2.0.2"
  resolved "https://registry.yarnpkg.com/datatable/-/datatable-2.0.2.tgz#d0566d3354dc9a5eea6bdacb7807ee0f2e8cab4e"
  integrity sha1-0FZtM1Tcml7qa9rLeAfuDy6Mq04=
  dependencies:
    underscore "1.4.x"

font-awesome5@^1.0.5:
  version "1.0.5"
  resolved "https://registry.yarnpkg.com/font-awesome5/-/font-awesome5-1.0.5.tgz#da8cfa5625cb6bc7eaf7340d36c9111bd146d5c9"
  integrity sha512-wvsUQxU0U5YguItKBxPaZ7eK/I+x/gkTp45xKTpCBFtJtr8z/hUSgm+HtbkOFugVddE0x0UxKAHqOyUMv4yH7A==

jquery@^3.6.0:
  version "3.6.0"
  resolved "https://registry.yarnpkg.com/jquery/-/jquery-3.6.0.tgz#c72a09f15c1bdce142f49dbf1170bdf8adac2470"
  integrity sha512-JVzAR/AjBvVt2BmYhxRCSYysDsPcssdmTFnzyLEts9qNwmjmu4JTAMYubEfwVOSwpQ1I1sKKFcxhZCI2buerfw==

sweetalert2@^11.4.4:
  version "11.4.4"
  resolved "https://registry.yarnpkg.com/sweetalert2/-/sweetalert2-11.4.4.tgz#49b8db39f00a699224bb6aabcd1185b5a4fea739"
  integrity sha512-9yYWQuRT1v9JNI/paPTSYV+68MHwe9C+HQ/I2jtfaFzoJgYRftWXOs4JqmDSjT7m2m4r8ebMMn8LcxD1Wq9B/w==

underscore@1.4.x:
  version "1.4.4"
  resolved "https://registry.yarnpkg.com/underscore/-/underscore-1.4.4.tgz#61a6a32010622afa07963bf325203cf12239d604"
  integrity sha1-YaajIBBiKvoHljvzJSA88SI51gQ=
